
Microsoft Visual Studio Solution File, Format Version 12.00
# Visual Studio Version 16
VisualStudioVersion = 16.0.30611.23
MinimumVisualStudioVersion = 10.0.40219.1
Project("{FAE04EC0-301F-11D3-BF4B-00C04F79EFBC}") = "RedisTodoList", "RedisTodoList\RedisTodoList.csproj", "{EF4D30B4-BBD9-4E52-B03B-83D450F14CA2}"
EndProject
Global
	GlobalSection(SolutionConfigurationPlatforms) = preSolution
		Debug|Any CPU = Debug|Any CPU
		Release|Any CPU = Release|Any CPU
	EndGlobalSection
	GlobalSection(ProjectConfigurationPlatforms) = postSolution
		{EF4D30B4-BBD9-4E52-B03B-83D450F14CA2}.Debug|Any CPU.ActiveCfg = Debug|Any CPU
		{EF4D30B4-BBD9-4E52-B03B-83D450F14CA2}.Debug|Any CPU.Build.0 = Debug|Any CPU
		{EF4D30B4-BBD9-4E52-B03B-83D450F14CA2}.Release|Any CPU.ActiveCfg = Release|Any CPU
		{EF4D30B4-BBD9-4E52-B03B-83D450F14CA2}.Release|Any CPU.Build.0 = Release|Any CPU
	EndGlobalSection
	GlobalSection(SolutionProperties) = preSolution
		HideSolutionNode = FALSE
	EndGlobalSection
	GlobalSection(ExtensibilityGlobals) = postSolution
		SolutionGuid = {F8733016-AB06-43E5-AAA3-67A7A35408FD}
	EndGlobalSection
EndGlobal
